
Microsoft Visual Studio Solution File, Format Version 12.00
# Visual Studio Version 17
VisualStudioVersion = 17.13.35931.197 d17.13
MinimumVisualStudioVersion = 10.0.40219.1
Project("{FAE04EC0-301F-11D3-BF4B-00C04F79EFBC}") = "Test", "Test\Test.csproj", "{EC98001D-895D-4109-BA7A-AD3BCA69BDF4}"
EndProject
Global
	GlobalSection(SolutionConfigurationPlatforms) = preSolution
		Debug|Any CPU = Debug|Any CPU
		Release|Any CPU = Release|Any CPU
	EndGlobalSection
	GlobalSection(ProjectConfigurationPlatforms) = postSolution
		{EC98001D-895D-4109-BA7A-AD3BCA69BDF4}.Debug|Any CPU.ActiveCfg = Debug|Any CPU
		{EC98001D-895D-4109-BA7A-AD3BCA69BDF4}.Debug|Any CPU.Build.0 = Debug|Any CPU
		{EC98001D-895D-4109-BA7A-AD3BCA69BDF4}.Release|Any CPU.ActiveCfg = Release|Any CPU
		{EC98001D-895D-4109-BA7A-AD3BCA69BDF4}.Release|Any CPU.Build.0 = Release|Any CPU
	EndGlobalSection
	GlobalSection(SolutionProperties) = preSolution
		HideSolutionNode = FALSE
	EndGlobalSection
	GlobalSection(ExtensibilityGlobals) = postSolution
		SolutionGuid = {583B6D4A-6944-4A29-B2D5-B4863548F02E}
	EndGlobalSection
EndGlobal
